
Microsoft Visual Studio Solution File, Format Version 12.00
# Visual Studio Version 16
VisualStudioVersion = 16.0.30907.101
MinimumVisualStudioVersion = 10.0.40219.1
Project("{9A19103F-16F7-4668-BE54-9A1E7A4F7556}") = "BlogMVC", "BlogMVC\BlogMVC.csproj", "{451D8C47-25E9-47A8-BD22-8EE8F6EDD66B}"
EndProject
Project("{9A19103F-16F7-4668-BE54-9A1E7A4F7556}") = "EntityLayer", "EntityLayer\EntityLayer.csproj", "{672CBAE4-5011-48B5-A91A-1CFE32F91776}"
EndProject
Project("{FAE04EC0-301F-11D3-BF4B-00C04F79EFBC}") = "DataAccessLayer", "DataAccessLayer\DataAccessLayer.csproj", "{819049FA-C6BA-4348-B1F1-772FD504536D}"
EndProject
Project("{FAE04EC0-301F-11D3-BF4B-00C04F79EFBC}") = "BusinessLayer", "BusinessLayer\BusinessLayer.csproj", "{CA369020-5EDC-4D6C-946A-109E66F9393A}"
EndProject
Project("{FAE04EC0-301F-11D3-BF4B-00C04F79EFBC}") = "CoreLayer", "CoreLayer\CoreLayer.csproj", "{83E9C278-CDDE-4612-8F23-C216B6AFE6B7}"
EndProject
Global
	GlobalSection(SolutionConfigurationPlatforms) = preSolution
		Debug|Any CPU = Debug|Any CPU
		Release|Any CPU = Release|Any CPU
	EndGlobalSection
	GlobalSection(ProjectConfigurationPlatforms) = postSolution
		{451D8C47-25E9-47A8-BD22-8EE8F6EDD66B}.Debug|Any CPU.ActiveCfg = Debug|Any CPU
		{451D8C47-25E9-47A8-BD22-8EE8F6EDD66B}.Debug|Any CPU.Build.0 = Debug|Any CPU
		{451D8C47-25E9-47A8-BD22-8EE8F6EDD66B}.Release|Any CPU.ActiveCfg = Release|Any CPU
		{451D8C47-25E9-47A8-BD22-8EE8F6EDD66B}.Release|Any CPU.Build.0 = Release|Any CPU
		{672CBAE4-5011-48B5-A91A-1CFE32F91776}.Debug|Any CPU.ActiveCfg = Debug|Any CPU
		{672CBAE4-5011-48B5-A91A-1CFE32F91776}.Debug|Any CPU.Build.0 = Debug|Any CPU
		{672CBAE4-5011-48B5-A91A-1CFE32F91776}.Release|Any CPU.ActiveCfg = Release|Any CPU
		{672CBAE4-5011-48B5-A91A-1CFE32F91776}.Release|Any CPU.Build.0 = Release|Any CPU
		{819049FA-C6BA-4348-B1F1-772FD504536D}.Debug|Any CPU.ActiveCfg = Debug|Any CPU
		{819049FA-C6BA-4348-B1F1-772FD504536D}.Debug|Any CPU.Build.0 = Debug|Any CPU
		{819049FA-C6BA-4348-B1F1-772FD504536D}.Release|Any CPU.ActiveCfg = Release|Any CPU
		{819049FA-C6BA-4348-B1F1-772FD504536D}.Release|Any CPU.Build.0 = Release|Any CPU
		{CA369020-5EDC-4D6C-946A-109E66F9393A}.Debug|Any CPU.ActiveCfg = Debug|Any CPU
		{CA369020-5EDC-4D6C-946A-109E66F9393A}.Debug|Any CPU.Build.0 = Debug|Any CPU
		{CA369020-5EDC-4D6C-946A-109E66F9393A}.Release|Any CPU.ActiveCfg = Release|Any CPU
		{CA369020-5EDC-4D6C-946A-109E66F9393A}.Release|Any CPU.Build.0 = Release|Any CPU
		{83E9C278-CDDE-4612-8F23-C216B6AFE6B7}.Debug|Any CPU.ActiveCfg = Debug|Any CPU
		{83E9C278-CDDE-4612-8F23-C216B6AFE6B7}.Debug|Any CPU.Build.0 = Debug|Any CPU
		{83E9C278-CDDE-4612-8F23-C216B6AFE6B7}.Release|Any CPU.ActiveCfg = Release|Any CPU
		{83E9C278-CDDE-4612-8F23-C216B6AFE6B7}.Release|Any CPU.Build.0 = Release|Any CPU
	EndGlobalSection
	GlobalSection(SolutionProperties) = preSolution
		HideSolutionNode = FALSE
	EndGlobalSection
	GlobalSection(ExtensibilityGlobals) = postSolution
		SolutionGuid = {9EA232B0-2321-44F4-A1AC-2BDC791ACB82}
	EndGlobalSection
EndGlobal
